<?xml version="1.0" encoding="utf-8"?>
<Project ToolsVersion="4.0" xmlns="http://schemas.microsoft.com/developer/msbuild/2003">
  <ItemGroup>
    <Filter Include="Graphics">
      <UniqueIdentifier>{1653CE33-0220-293F-2B39-17E717655ECD}</UniqueIdentifier>
    </Filter>
    <Filter Include="IO">
      <UniqueIdentifier>{FD735900-E9FF-870B-52AE-880B3E59880B}</UniqueIdentifier>
    </Filter>
    <Filter Include="data">
      <UniqueIdentifier>{5F91957C-4BC8-960D-F4B4-7C10E0CA120F}</UniqueIdentifier>
    </Filter>
    <Filter Include="imgui">
      <UniqueIdentifier>{0098A80F-6CAC-D0C0-352E-7420A101CDF1}</UniqueIdentifier>
    </Filter>
    <Filter Include="imgui\popups">
      <UniqueIdentifier>{D6905828-C2F3-E7CC-6B79-208357BBB34F}</UniqueIdentifier>
    </Filter>
  </ItemGroup>
  <ItemGroup>
    <ClInclude Include="src\Graphics\Math.h">
      <Filter>Graphics</Filter>
    </ClInclude>
    <ClInclude Include="src\Graphics\VisualNode.h">
      <Filter>Graphics</Filter>
    </ClInclude>
    <ClInclude Include="src\Graphics\Window.h">
      <Filter>Graphics</Filter>
    </ClInclude>
    <ClInclude Include="src\Graphics\stb_image.h">
      <Filter>Graphics</Filter>
    </ClInclude>
    <ClInclude Include="src\IO\FileReader.h">
      <Filter>IO</Filter>
    </ClInclude>
    <ClInclude Include="src\Log.h" />
    <ClInclude Include="src\data\DrawableObject.h">
      <Filter>data</Filter>
    </ClInclude>
    <ClInclude Include="src\data\FSM.h">
      <Filter>data</Filter>
    </ClInclude>
    <ClInclude Include="src\data\FsmState.h">
      <Filter>data</Filter>
    </ClInclude>
    <ClInclude Include="src\data\FsmTrigger.h">
      <Filter>data</Filter>
    </ClInclude>
    <ClInclude Include="src\imgui\IconsFontAwesome6.h">
      <Filter>imgui</Filter>
    </ClInclude>
    <ClInclude Include="src\imgui\ImFileDialog.h">
      <Filter>imgui</Filter>
    </ClInclude>
    <ClInclude Include="src\imgui\ImGuiImpl.h">
      <Filter>imgui</Filter>
    </ClInclude>
    <ClInclude Include="src\imgui\NodeEditor.h">
      <Filter>imgui</Filter>
    </ClInclude>
    <ClInclude Include="src\imgui\TextEditor.h">
      <Filter>imgui</Filter>
    </ClInclude>
    <ClInclude Include="src\imgui\fa_solid_900.h">
      <Filter>imgui</Filter>
    </ClInclude>
    <ClInclude Include="src\imgui\imgui_stdlib.h">
      <Filter>imgui</Filter>
    </ClInclude>
    <ClInclude Include="src\imgui\popups\Popup.h">
      <Filter>imgui\popups</Filter>
    </ClInclude>
    <ClInclude Include="src\luaFsm.h" />
    <ClInclude Include="src\pch.h" />
    <ClInclude Include="resource.h" />
  </ItemGroup>
  <ItemGroup>
    <ClCompile Include="src\Graphics\Math.cpp">
      <Filter>Graphics</Filter>
    </ClCompile>
    <ClCompile Include="src\Graphics\VisualNode.cpp">
      <Filter>Graphics</Filter>
    </ClCompile>
    <ClCompile Include="src\Graphics\Window.cpp">
      <Filter>Graphics</Filter>
    </ClCompile>
    <ClCompile Include="src\IO\FileReader.cpp">
      <Filter>IO</Filter>
    </ClCompile>
    <ClCompile Include="src\Log.cpp" />
    <ClCompile Include="src\data\DrawableObject.cpp">
      <Filter>data</Filter>
    </ClCompile>
    <ClCompile Include="src\data\FSM.cpp">
      <Filter>data</Filter>
    </ClCompile>
    <ClCompile Include="src\data\FsmState.cpp">
      <Filter>data</Filter>
    </ClCompile>
    <ClCompile Include="src\data\FsmTrigger.cpp">
      <Filter>data</Filter>
    </ClCompile>
    <ClCompile Include="src\imgui\ImFileDialog.cpp">
      <Filter>imgui</Filter>
    </ClCompile>
    <ClCompile Include="src\imgui\ImGuiImpl.cpp">
      <Filter>imgui</Filter>
    </ClCompile>
    <ClCompile Include="src\imgui\NodeEditor.cpp">
      <Filter>imgui</Filter>
    </ClCompile>
    <ClCompile Include="src\imgui\TextEditor.cpp">
      <Filter>imgui</Filter>
    </ClCompile>
    <ClCompile Include="src\imgui\imgui_stdlib.cpp">
      <Filter>imgui</Filter>
    </ClCompile>
    <ClCompile Include="src\imgui\popups\Popup.cpp">
      <Filter>imgui\popups</Filter>
    </ClCompile>
    <ClCompile Include="src\luaFSM.cpp" />
    <ClCompile Include="src\pch.cpp" />
  </ItemGroup>
  <ItemGroup>
    <ResourceCompile Include="luaFSM.rc" />
  </ItemGroup>
  <ItemGroup>
    <Image Include="luaFSM.ico" />
  </ItemGroup>
</Project>